
Microsoft Visual Studio Solution File, Format Version 12.00
# Visual Studio Version 17
VisualStudioVersion = 17.11.35222.181
MinimumVisualStudioVersion = 10.0.40219.1
Project("{FAE04EC0-301F-11D3-BF4B-00C04F79EFBC}") = "UserAccountNamespace", "UserAccountNamespace\UserAccountNamespace.csproj", "{7514D244-03EE-4649-B984-99A366CFA9B1}"
EndProject
Global
	GlobalSection(SolutionConfigurationPlatforms) = preSolution
		Debug|Any CPU = Debug|Any CPU
		Release|Any CPU = Release|Any CPU
	EndGlobalSection
	GlobalSection(ProjectConfigurationPlatforms) = postSolution
		{7514D244-03EE-4649-B984-99A366CFA9B1}.Debug|Any CPU.ActiveCfg = Debug|Any CPU
		{7514D244-03EE-4649-B984-99A366CFA9B1}.Debug|Any CPU.Build.0 = Debug|Any CPU
		{7514D244-03EE-4649-B984-99A366CFA9B1}.Release|Any CPU.ActiveCfg = Release|Any CPU
		{7514D244-03EE-4649-B984-99A366CFA9B1}.Release|Any CPU.Build.0 = Release|Any CPU
	EndGlobalSection
	GlobalSection(SolutionProperties) = preSolution
		HideSolutionNode = FALSE
	EndGlobalSection
	GlobalSection(ExtensibilityGlobals) = postSolution
		SolutionGuid = {7CD47942-C792-463C-AFA8-855055DBEFC7}
	EndGlobalSection
EndGlobal
